
Microsoft Visual Studio Solution File, Format Version 12.00
# Visual Studio Version 16
VisualStudioVersion = 16.0.31205.134
MinimumVisualStudioVersion = 10.0.40219.1
Project("{FAE04EC0-301F-11D3-BF4B-00C04F79EFBC}") = "AutTallerSeleniumNunit", "AutTallerSeleniumNunit\AutTallerSeleniumNunit.csproj", "{2FA3410C-2D1E-42C0-A8C3-3E54BD3B73F2}"
EndProject
Global
	GlobalSection(SolutionConfigurationPlatforms) = preSolution
		Debug|Any CPU = Debug|Any CPU
		Release|Any CPU = Release|Any CPU
	EndGlobalSection
	GlobalSection(ProjectConfigurationPlatforms) = postSolution
		{2FA3410C-2D1E-42C0-A8C3-3E54BD3B73F2}.Debug|Any CPU.ActiveCfg = Debug|Any CPU
		{2FA3410C-2D1E-42C0-A8C3-3E54BD3B73F2}.Debug|Any CPU.Build.0 = Debug|Any CPU
		{2FA3410C-2D1E-42C0-A8C3-3E54BD3B73F2}.Release|Any CPU.ActiveCfg = Release|Any CPU
		{2FA3410C-2D1E-42C0-A8C3-3E54BD3B73F2}.Release|Any CPU.Build.0 = Release|Any CPU
	EndGlobalSection
	GlobalSection(SolutionProperties) = preSolution
		HideSolutionNode = FALSE
	EndGlobalSection
	GlobalSection(ExtensibilityGlobals) = postSolution
		SolutionGuid = {8915B0C0-FB7A-4171-BD7F-053E6DD6C140}
	EndGlobalSection
EndGlobal
